
Microsoft Visual Studio Solution File, Format Version 12.00
# Visual Studio 2017
Project("{FAE04EC0-301F-11D3-BF4B-00C04F79EFBC}") = "holoStats", "holoStats.csproj", "{ED2AC9BD-0F53-DAAC-D9FA-5DA72A31C93B}"
EndProject
Project("{FAE04EC0-301F-11D3-BF4B-00C04F79EFBC}") = "holoStats.Editor", "holoStats.Editor.csproj", "{6F15FDB0-62D6-D67B-9600-088F263EEE72}"
EndProject
Global
	GlobalSection(SolutionConfigurationPlatforms) = preSolution
		Debug|Any CPU = Debug|Any CPU
		Release|Any CPU = Release|Any CPU
	EndGlobalSection
	GlobalSection(ProjectConfigurationPlatforms) = postSolution
		{ED2AC9BD-0F53-DAAC-D9FA-5DA72A31C93B}.Debug|Any CPU.ActiveCfg = Debug|Any CPU
		{ED2AC9BD-0F53-DAAC-D9FA-5DA72A31C93B}.Debug|Any CPU.Build.0 = Debug|Any CPU
		{ED2AC9BD-0F53-DAAC-D9FA-5DA72A31C93B}.Release|Any CPU.ActiveCfg = Release|Any CPU
		{ED2AC9BD-0F53-DAAC-D9FA-5DA72A31C93B}.Release|Any CPU.Build.0 = Release|Any CPU
		{6F15FDB0-62D6-D67B-9600-088F263EEE72}.Debug|Any CPU.ActiveCfg = Debug|Any CPU
		{6F15FDB0-62D6-D67B-9600-088F263EEE72}.Debug|Any CPU.Build.0 = Debug|Any CPU
		{6F15FDB0-62D6-D67B-9600-088F263EEE72}.Release|Any CPU.ActiveCfg = Release|Any CPU
		{6F15FDB0-62D6-D67B-9600-088F263EEE72}.Release|Any CPU.Build.0 = Release|Any CPU
	EndGlobalSection
	GlobalSection(SolutionProperties) = preSolution
		HideSolutionNode = FALSE
	EndGlobalSection
EndGlobal
