
Microsoft Visual Studio Solution File, Format Version 12.00
# Visual Studio 15
VisualStudioVersion = 15.0.26430.6
MinimumVisualStudioVersion = 10.0.40219.1
Project("{FAE04EC0-301F-11D3-BF4B-00C04F79EFBC}") = "HoloToolkit-Unity", "HoloToolkit-Unity\HoloToolkit-Unity.csproj", "{13A45C13-3265-47B8-BC48-A553B569DF55}"
EndProject
Project("{FAE04EC0-301F-11D3-BF4B-00C04F79EFBC}") = "Assembly-CSharp", "C:\Users\Christian\Documents\holostats\holoStats\Apps\GeneratedProjects\UWP\Assembly-CSharp\Assembly-CSharp.csproj", "{68D3A734-79DE-4027-9F22-90211656ABE1}"
EndProject
Project("{FAE04EC0-301F-11D3-BF4B-00C04F79EFBC}") = "Assembly-CSharp-firstpass", "C:\Users\Christian\Documents\holostats\holoStats\Apps\GeneratedProjects\UWP\Assembly-CSharp-firstpass\Assembly-CSharp-firstpass.csproj", "{377997A4-CF0C-4031-AB04-57543D47FE34}"
EndProject
Global
	GlobalSection(SolutionConfigurationPlatforms) = preSolution
		Debug|ARM = Debug|ARM
		Debug|x64 = Debug|x64
		Debug|x86 = Debug|x86
		Master|ARM = Master|ARM
		Master|x64 = Master|x64
		Master|x86 = Master|x86
		Release|ARM = Release|ARM
		Release|x64 = Release|x64
		Release|x86 = Release|x86
	EndGlobalSection
	GlobalSection(ProjectConfigurationPlatforms) = postSolution
		{13A45C13-3265-47B8-BC48-A553B569DF55}.Debug|ARM.ActiveCfg = Debug|ARM
		{13A45C13-3265-47B8-BC48-A553B569DF55}.Debug|ARM.Build.0 = Debug|ARM
		{13A45C13-3265-47B8-BC48-A553B569DF55}.Debug|ARM.Deploy.0 = Debug|ARM
		{13A45C13-3265-47B8-BC48-A553B569DF55}.Debug|x64.ActiveCfg = Debug|x64
		{13A45C13-3265-47B8-BC48-A553B569DF55}.Debug|x64.Build.0 = Debug|x64
		{13A45C13-3265-47B8-BC48-A553B569DF55}.Debug|x64.Deploy.0 = Debug|x64
		{13A45C13-3265-47B8-BC48-A553B569DF55}.Debug|x86.ActiveCfg = Debug|x86
		{13A45C13-3265-47B8-BC48-A553B569DF55}.Debug|x86.Build.0 = Debug|x86
		{13A45C13-3265-47B8-BC48-A553B569DF55}.Debug|x86.Deploy.0 = Debug|x86
		{13A45C13-3265-47B8-BC48-A553B569DF55}.Master|ARM.ActiveCfg = Master|ARM
		{13A45C13-3265-47B8-BC48-A553B569DF55}.Master|ARM.Build.0 = Master|ARM
		{13A45C13-3265-47B8-BC48-A553B569DF55}.Master|ARM.Deploy.0 = Master|ARM
		{13A45C13-3265-47B8-BC48-A553B569DF55}.Master|x64.ActiveCfg = Master|x64
		{13A45C13-3265-47B8-BC48-A553B569DF55}.Master|x64.Build.0 = Master|x64
		{13A45C13-3265-47B8-BC48-A553B569DF55}.Master|x64.Deploy.0 = Master|x64
		{13A45C13-3265-47B8-BC48-A553B569DF55}.Master|x86.ActiveCfg = Master|x86
		{13A45C13-3265-47B8-BC48-A553B569DF55}.Master|x86.Build.0 = Master|x86
		{13A45C13-3265-47B8-BC48-A553B569DF55}.Master|x86.Deploy.0 = Master|x86
		{13A45C13-3265-47B8-BC48-A553B569DF55}.Release|ARM.ActiveCfg = Release|ARM
		{13A45C13-3265-47B8-BC48-A553B569DF55}.Release|ARM.Build.0 = Release|ARM
		{13A45C13-3265-47B8-BC48-A553B569DF55}.Release|ARM.Deploy.0 = Release|ARM
		{13A45C13-3265-47B8-BC48-A553B569DF55}.Release|x64.ActiveCfg = Release|x64
		{13A45C13-3265-47B8-BC48-A553B569DF55}.Release|x64.Build.0 = Release|x64
		{13A45C13-3265-47B8-BC48-A553B569DF55}.Release|x64.Deploy.0 = Release|x64
		{13A45C13-3265-47B8-BC48-A553B569DF55}.Release|x86.ActiveCfg = Release|x86
		{13A45C13-3265-47B8-BC48-A553B569DF55}.Release|x86.Build.0 = Release|x86
		{13A45C13-3265-47B8-BC48-A553B569DF55}.Release|x86.Deploy.0 = Release|x86
		{68D3A734-79DE-4027-9F22-90211656ABE1}.Debug|ARM.ActiveCfg = Debug|ARM
		{68D3A734-79DE-4027-9F22-90211656ABE1}.Debug|ARM.Build.0 = Debug|ARM
		{68D3A734-79DE-4027-9F22-90211656ABE1}.Debug|x64.ActiveCfg = Debug|x64
		{68D3A734-79DE-4027-9F22-90211656ABE1}.Debug|x64.Build.0 = Debug|x64
		{68D3A734-79DE-4027-9F22-90211656ABE1}.Debug|x86.ActiveCfg = Debug|x86
		{68D3A734-79DE-4027-9F22-90211656ABE1}.Debug|x86.Build.0 = Debug|x86
		{68D3A734-79DE-4027-9F22-90211656ABE1}.Master|ARM.ActiveCfg = Master|ARM
		{68D3A734-79DE-4027-9F22-90211656ABE1}.Master|ARM.Build.0 = Master|ARM
		{68D3A734-79DE-4027-9F22-90211656ABE1}.Master|x64.ActiveCfg = Master|x64
		{68D3A734-79DE-4027-9F22-90211656ABE1}.Master|x64.Build.0 = Master|x64
		{68D3A734-79DE-4027-9F22-90211656ABE1}.Master|x86.ActiveCfg = Master|x86
		{68D3A734-79DE-4027-9F22-90211656ABE1}.Master|x86.Build.0 = Master|x86
		{68D3A734-79DE-4027-9F22-90211656ABE1}.Release|ARM.ActiveCfg = Release|ARM
		{68D3A734-79DE-4027-9F22-90211656ABE1}.Release|ARM.Build.0 = Release|ARM
		{68D3A734-79DE-4027-9F22-90211656ABE1}.Release|x64.ActiveCfg = Release|x64
		{68D3A734-79DE-4027-9F22-90211656ABE1}.Release|x64.Build.0 = Release|x64
		{68D3A734-79DE-4027-9F22-90211656ABE1}.Release|x86.ActiveCfg = Release|x86
		{68D3A734-79DE-4027-9F22-90211656ABE1}.Release|x86.Build.0 = Release|x86
		{377997A4-CF0C-4031-AB04-57543D47FE34}.Debug|ARM.ActiveCfg = Debug|ARM
		{377997A4-CF0C-4031-AB04-57543D47FE34}.Debug|ARM.Build.0 = Debug|ARM
		{377997A4-CF0C-4031-AB04-57543D47FE34}.Debug|x64.ActiveCfg = Debug|x64
		{377997A4-CF0C-4031-AB04-57543D47FE34}.Debug|x64.Build.0 = Debug|x64
		{377997A4-CF0C-4031-AB04-57543D47FE34}.Debug|x86.ActiveCfg = Debug|x86
		{377997A4-CF0C-4031-AB04-57543D47FE34}.Debug|x86.Build.0 = Debug|x86
		{377997A4-CF0C-4031-AB04-57543D47FE34}.Master|ARM.ActiveCfg = Master|ARM
		{377997A4-CF0C-4031-AB04-57543D47FE34}.Master|ARM.Build.0 = Master|ARM
		{377997A4-CF0C-4031-AB04-57543D47FE34}.Master|x64.ActiveCfg = Master|x64
		{377997A4-CF0C-4031-AB04-57543D47FE34}.Master|x64.Build.0 = Master|x64
		{377997A4-CF0C-4031-AB04-57543D47FE34}.Master|x86.ActiveCfg = Master|x86
		{377997A4-CF0C-4031-AB04-57543D47FE34}.Master|x86.Build.0 = Master|x86
		{377997A4-CF0C-4031-AB04-57543D47FE34}.Release|ARM.ActiveCfg = Release|ARM
		{377997A4-CF0C-4031-AB04-57543D47FE34}.Release|ARM.Build.0 = Release|ARM
		{377997A4-CF0C-4031-AB04-57543D47FE34}.Release|x64.ActiveCfg = Release|x64
		{377997A4-CF0C-4031-AB04-57543D47FE34}.Release|x64.Build.0 = Release|x64
		{377997A4-CF0C-4031-AB04-57543D47FE34}.Release|x86.ActiveCfg = Release|x86
		{377997A4-CF0C-4031-AB04-57543D47FE34}.Release|x86.Build.0 = Release|x86
	EndGlobalSection
	GlobalSection(SolutionProperties) = preSolution
		HideSolutionNode = FALSE
	EndGlobalSection
EndGlobal
